// !$*UTF8*$!
{
	archiveVersion = 1;
	classes = {
	};
	objectVersion = 46;
	objects = {

/* Begin PBXBuildFile section */
		0DF601FE1539B33B00CA83EB /* UIKit.framework in Frameworks */ = {isa = PBXBuildFile; fileRef = 0DF601FD1539B33B00CA83EB /* UIKit.framework */; };
		0DF602001539B33B00CA83EB /* Foundation.framework in Frameworks */ = {isa = PBXBuildFile; fileRef = 0DF601FF1539B33B00CA83EB /* Foundation.framework */; };
		0DF602021539B33B00CA83EB /* CoreGraphics.framework in Frameworks */ = {isa = PBXBuildFile; fileRef = 0DF602011539B33B00CA83EB /* CoreGraphics.framework */; };
		0DF602081539B33C00CA83EB /* InfoPlist.strings in Resources */ = {isa = PBXBuildFile; fileRef = 0DF602061539B33C00CA83EB /* InfoPlist.strings */; };
		0DF6020A1539B33C00CA83EB /* main.m in Sources */ = {isa = PBXBuildFile; fileRef = 0DF602091539B33C00CA83EB /* main.m */; };
		0DF6020E1539B33C00CA83EB /* AppDelegate.m in Sources */ = {isa = PBXBuildFile; fileRef = 0DF6020D1539B33C00CA83EB /* AppDelegate.m */; };
		0DF602111539B33C00CA83EB /* ViewController.m in Sources */ = {isa = PBXBuildFile; fileRef = 0DF602101539B33C00CA83EB /* ViewController.m */; };
		0DF602141539B33C00CA83EB /* ViewController.xib in Resources */ = {isa = PBXBuildFile; fileRef = 0DF602121539B33C00CA83EB /* ViewController.xib */; };
/* End PBXBuildFile section */

/* Begin PBXFileReference section */
		0DF601F91539B33B00CA83EB /* HelloWorld.app */ = {isa = PBXFileReference; explicitFileType = wrapper.application; includeInIndex = 0; path = HelloWorld.app; sourceTree = BUILT_PRODUCTS_DIR; };
		0DF601FD1539B33B00CA83EB /* UIKit.framework */ = {isa = PBXFileReference; lastKnownFileType = wrapper.framework; name = UIKit.framework; path = System/Library/Frameworks/UIKit.framework; sourceTree = SDKROOT; };
		0DF601FF1539B33B00CA83EB /* Foundation.framework */ = {isa = PBXFileReference; lastKnownFileType = wrapper.framework; name = Foundation.framework; path = System/Library/Frameworks/Foundation.framework; sourceTree = SDKROOT; };
		0DF602011539B33B00CA83EB /* CoreGraphics.framework */ = {isa = PBXFileReference; lastKnownFileType = wrapper.framework; name = CoreGraphics.framework; path = System/Library/Frameworks/CoreGraphics.framework; sourceTree = SDKROOT; };
		0DF602051539B33C00CA83EB /* HelloWorld-Info.plist */ = {isa = PBXFileReference; path = "HelloWorld-Info.plist"; sourceTree = "<group>"; };
		0DF602071539B33C00CA83EB /* en */ = {isa = PBXFileReference; lastKnownFileType = text.plist.strings; name = en; path = en.lproj/InfoPlist.strings; sourceTree = "<group>"; };
		0DF602091539B33C00CA83EB /* main.m */ = {isa = PBXFileReference; lastKnownFileType = sourcecode.c.objc; path = main.m; sourceTree = "<group>"; };
		0DF6020B1539B33C00CA83EB /* HelloWorld-Prefix.pch */ = {isa = PBXFileReference; path = "HelloWorld-Prefix.pch"; sourceTree = "<group>"; };
		0DF6020C1539B33C00CA83EB /* AppDelegate.h */ = {isa = PBXFileReference; path = AppDelegate.h; sourceTree = "<group>"; };
		0DF6020D1539B33C00CA83EB /* AppDelegate.m */ = {isa = PBXFileReference; lastKnownFileType = sourcecode.c.objc; path = AppDelegate.m; sourceTree = "<group>"; };
		0DF6020F1539B33C00CA83EB /* ViewController.h */ = {isa = PBXFileReference; path = ViewController.h; sourceTree = "<group>"; };
		0DF602101539B33C00CA83EB /* ViewController.m */ = {isa = PBXFileReference; lastKnownFileType = sourcecode.c.objc; path = ViewController.m; sourceTree = "<group>"; };
		0DF602131539B33C00CA83EB /* en */ = {isa = PBXFileReference; lastKnownFileType = file.xib; name = en; path = en.lproj/ViewController.xib; sourceTree = "<group>"; };
/* End PBXFileReference section */

/* Begin PBXFrameworksBuildPhase section */
		0DF601F61539B33B00CA83EB /* Frameworks */ = {
			isa = PBXFrameworksBuildPhase;
			buildActionMask = 2147483647;
			files = (
				0DF601FE1539B33B00CA83EB /* UIKit.framework in Frameworks */,
				0DF602001539B33B00CA83EB /* Foundation.framework in Frameworks */,
				0DF602021539B33B00CA83EB /* CoreGraphics.framework in Frameworks */,
			);
			runOnlyForDeploymentPostprocessing = 0;
		};
/* End PBXFrameworksBuildPhase section */

/* Begin PBXGroup section */
		0DF601EE1539B33A00CA83EB = {
			isa = PBXGroup;
			children = (
				0DF602031539B33B00CA83EB /* HelloWorld */,
				0DF601FC1539B33B00CA83EB /* Frameworks */,
				0DF601FA1539B33B00CA83EB /* Products */,
			);
			sourceTree = "<group>";
		};
		0DF601FA1539B33B00CA83EB /* Products */ = {
			isa = PBXGroup;
			children = (
				0DF601F91539B33B00CA83EB /* HelloWorld.app */,
			);
			name = Products;
			sourceTree = "<group>";
		};
		0DF601FC1539B33B00CA83EB /* Frameworks */ = {
			isa = PBXGroup;
			children = (
				0DF601FD1539B33B00CA83EB /* UIKit.framework */,
				0DF601FF1539B33B00CA83EB /* Foundation.framework */,
				0DF602011539B33B00CA83EB /* CoreGraphics.framework */,
			);
			name = Frameworks;
			sourceTree = "<group>";
		};
		0DF602031539B33B00CA83EB /* HelloWorld */ = {
			isa = PBXGroup;
			children = (
				0DF6020C1539B33C00CA83EB /* AppDelegate.h */,
				0DF6020D1539B33C00CA83EB /* AppDelegate.m */,
				0DF6020F1539B33C00CA83EB /* ViewController.h */,
				0DF602101539B33C00CA83EB /* ViewController.m */,
				0DF602121539B33C00CA83EB /* ViewController.xib */,
				0DF602041539B33C00CA83EB /* Supporting Files */,
			);
			path = HelloWorld;
			sourceTree = "<group>";
		};
		0DF602041539B33C00CA83EB /* Supporting Files */ = {
			isa = PBXGroup;
			children = (
				0DF602051539B33C00CA83EB /* HelloWorld-Info.plist */,
				0DF602061539B33C00CA83EB /* InfoPlist.strings */,
				0DF602091539B33C00CA83EB /* main.m */,
				0DF6020B1539B33C00CA83EB /* HelloWorld-Prefix.pch */,
			);
			name = "Supporting Files";
			sourceTree = "<group>";
		};
/* End PBXGroup section */

/* Begin PBXNativeTarget section */
		0DF601F81539B33B00CA83EB /* HelloWorld */ = {
			isa = PBXNativeTarget;
			buildConfigurationList = 0DF602171539B33C00CA83EB /* Build configuration list for PBXNativeTarget "HelloWorld" */;
			buildPhases = (
				0DF601F51539B33B00CA83EB /* Sources */,
				0DF601F61539B33B00CA83EB /* Frameworks */,
				0DF601F71539B33B00CA83EB /* Resources */,
			);
			buildRules = (
			);
			dependencies = (
			);
			name = HelloWorld;
			productName = HelloWorld;
			productReference = 0DF601F91539B33B00CA83EB /* HelloWorld.app */;
			productType = "com.apple.product-type.application";
		};
/* End PBXNativeTarget section */

/* Begin PBXProject section */
		0DF601F01539B33A00CA83EB /* Project object */ = {
			isa = PBXProject;
			attributes = {
				LastUpgradeCheck = 0420;
			};
			buildConfigurationList = 0DF601F31539B33A00CA83EB /* Build configuration list for PBXProject "HelloWorld" */;
			compatibilityVersion = "Xcode 3.2";
			developmentRegion = English;
			hasScannedForEncodings = 0;
			knownRegions = (
				en,
			);
			mainGroup = 0DF601EE1539B33A00CA83EB;
			productRefGroup = 0DF601FA1539B33B00CA83EB /* Products */;
			projectDirPath = "";
			projectRoot = "";
			targets = (
				0DF601F81539B33B00CA83EB /* HelloWorld */,
			);
		};
/* End PBXProject section */

/* Begin PBXResourcesBuildPhase section */
		0DF601F71539B33B00CA83EB /* Resources */ = {
			isa = PBXResourcesBuildPhase;
			buildActionMask = 2147483647;
			files = (
				0DF602081539B33C00CA83EB /* InfoPlist.strings in Resources */,
				0DF602141539B33C00CA83EB /* ViewController.xib in Resources */,
			);
			runOnlyForDeploymentPostprocessing = 0;
		};
/* End PBXResourcesBuildPhase section */

/* Begin PBXSourcesBuildPhase section */
		0DF601F51539B33B00CA83EB /* Sources */ = {
			isa = PBXSourcesBuildPhase;
			buildActionMask = 2147483647;
			files = (
				0DF6020A1539B33C00CA83EB /* main.m in Sources */,
				0DF6020E1539B33C00CA83EB /* AppDelegate.m in Sources */,
				0DF602111539B33C00CA83EB /* ViewController.m in Sources */,
			);
			runOnlyForDeploymentPostprocessing = 0;
		};
/* End PBXSourcesBuildPhase section */

/* Begin PBXVariantGroup section */
		0DF602061539B33C00CA83EB /* InfoPlist.strings */ = {
			isa = PBXVariantGroup;
			children = (
				0DF602071539B33C00CA83EB /* en */,
			);
			name = InfoPlist.strings;
			sourceTree = "<group>";
		};
		0DF602121539B33C00CA83EB /* ViewController.xib */ = {
			isa = PBXVariantGroup;
			children = (
				0DF602131539B33C00CA83EB /* en */,
			);
			name = ViewController.xib;
			sourceTree = "<group>";
		};
/* End PBXVariantGroup section */

/* Begin XCBuildConfiguration section */
		0DF602151539B33C00CA83EB /* Debug */ = {
			isa = XCBuildConfiguration;
			buildSettings = {
				ALWAYS_SEARCH_USER_PATHS = NO;
				ARCHS = "$(ARCHS_STANDARD_32_BIT)";
				CLANG_ENABLE_OBJC_ARC = YES;
				"CODE_SIGN_IDENTITY[sdk=iphoneos*]" = "iPhone Developer";
				COPY_PHASE_STRIP = NO;
				GCC_C_LANGUAGE_STANDARD = gnu99;
				GCC_DYNAMIC_NO_PIC = NO;
				GCC_OPTIMIZATION_LEVEL = 0;
				GCC_PREPROCESSOR_DEFINITIONS = (
					"DEBUG=1",
					"$(inherited)",
				);
				GCC_SYMBOLS_PRIVATE_EXTERN = NO;
				GCC_VERSION = com.apple.compilers.llvm.clang.1_0;
				GCC_WARN_ABOUT_MISSING_PROTOTYPES = YES;
				GCC_WARN_ABOUT_RETURN_TYPE = YES;
				GCC_WARN_UNUSED_VARIABLE = YES;
				IPHONEOS_DEPLOYMENT_TARGET = 5.0;
				SDKROOT = iphoneos;
			};
			name = Debug;
		};
		0DF602161539B33C00CA83EB /* Release */ = {
			isa = XCBuildConfiguration;
			buildSettings = {
				ALWAYS_SEARCH_USER_PATHS = NO;
				ARCHS = "$(ARCHS_STANDARD_32_BIT)";
				CLANG_ENABLE_OBJC_ARC = YES;
				"CODE_SIGN_IDENTITY[sdk=iphoneos*]" = "iPhone Developer";
				COPY_PHASE_STRIP = YES;
				GCC_C_LANGUAGE_STANDARD = gnu99;
				GCC_VERSION = com.apple.compilers.llvm.clang.1_0;
				GCC_WARN_ABOUT_MISSING_PROTOTYPES = YES;
				GCC_WARN_ABOUT_RETURN_TYPE = YES;
				GCC_WARN_UNUSED_VARIABLE = YES;
				IPHONEOS_DEPLOYMENT_TARGET = 5.0;
				OTHER_CFLAGS = "-DNS_BLOCK_ASSERTIONS=1";
				SDKROOT = iphoneos;
				VALIDATE_PRODUCT = YES;
			};
			name = Release;
		};
		0DF602181539B33C00CA83EB /* Debug */ = {
			isa = XCBuildConfiguration;
			buildSettings = {
				GCC_PRECOMPILE_PREFIX_HEADER = YES;
				GCC_PREFIX_HEADER = "HelloWorld/HelloWorld-Prefix.pch";
				INFOPLIST_FILE = "HelloWorld/HelloWorld-Info.plist";
				PRODUCT_NAME = "$(TARGET_NAME)";
				WRAPPER_EXTENSION = app;
			};
			name = Debug;
		};
		0DF602191539B33C00CA83EB /* Release */ = {
			isa = XCBuildConfiguration;
			buildSettings = {
				GCC_PRECOMPILE_PREFIX_HEADER = YES;
				GCC_PREFIX_HEADER = "HelloWorld/HelloWorld-Prefix.pch";
				INFOPLIST_FILE = "HelloWorld/HelloWorld-Info.plist";
				PRODUCT_NAME = "$(TARGET_NAME)";
				WRAPPER_EXTENSION = app;
			};
			name = Release;
		};
/* End XCBuildConfiguration section */

/* Begin XCConfigurationList section */
		0DF601F31539B33A00CA83EB /* Build configuration list for PBXProject "HelloWorld" */ = {
			isa = XCConfigurationList;
			buildConfigurations = (
				0DF602151539B33C00CA83EB /* Debug */,
				0DF602161539B33C00CA83EB /* Release */,
			);
			defaultConfigurationIsVisible = 0;
			defaultConfigurationName = Release;
		};
		0DF602171539B33C00CA83EB /* Build configuration list for PBXNativeTarget "HelloWorld" */ = {
			isa = XCConfigurationList;
			buildConfigurations = (
				0DF602181539B33C00CA83EB /* Debug */,
				0DF602191539B33C00CA83EB /* Release */,
			);
			defaultConfigurationIsVisible = 0;
		};
/* End XCConfigurationList section */
	};
	rootObject = 0DF601F01539B33A00CA83EB /* Project object */;
}
